
Microsoft Visual Studio Solution File, Format Version 12.00
# Visual Studio Version 16
VisualStudioVersion = 16.0.31515.178
MinimumVisualStudioVersion = 10.0.40219.1
Project("{FAE04EC0-301F-11D3-BF4B-00C04F79EFBC}") = "ThroughTheWalls", "ThroughTheWalls.csproj", "{C0E534FB-BA0C-4AD8-B49B-1BE32A29BC25}"
EndProject
Global
	GlobalSection(SolutionConfigurationPlatforms) = preSolution
		Debug|Any CPU = Debug|Any CPU
		Release|Any CPU = Release|Any CPU
	EndGlobalSection
	GlobalSection(ProjectConfigurationPlatforms) = postSolution
		{C0E534FB-BA0C-4AD8-B49B-1BE32A29BC25}.Debug|Any CPU.ActiveCfg = Debug|Any CPU
		{C0E534FB-BA0C-4AD8-B49B-1BE32A29BC25}.Debug|Any CPU.Build.0 = Debug|Any CPU
		{C0E534FB-BA0C-4AD8-B49B-1BE32A29BC25}.Release|Any CPU.ActiveCfg = Release|Any CPU
		{C0E534FB-BA0C-4AD8-B49B-1BE32A29BC25}.Release|Any CPU.Build.0 = Release|Any CPU
	EndGlobalSection
	GlobalSection(SolutionProperties) = preSolution
		HideSolutionNode = FALSE
	EndGlobalSection
	GlobalSection(ExtensibilityGlobals) = postSolution
		SolutionGuid = {86EC79EF-9CA3-4468-9D98-2A7A9A68DBF6}
	EndGlobalSection
EndGlobal
